{
  "name": "@svelte-stellar/css-grid",
  "version": "0.0.1",
  "lockfileVersion": 2,
  "requires": true,
  "packages": {
    "": {
      "name": "@svelte-stellar/css-grid",
      "version": "0.0.1",
      "dependencies": {
        "split-grid": "^1.0.11"
      },
      "peerDependencies": {
        "svelte": "^3.57.0"
      }
    },
    "node_modules/split-grid": {
      "version": "1.0.11",
      "resolved": "https://registry.npmjs.org/split-grid/-/split-grid-1.0.11.tgz",
      "integrity": "sha512-ELtFtxc3r5we5GZfe6Fi0BFFxIi2M6BY1YEntBscKRDD3zx4JVHqx2VnTRSQu1BixCYSTH3MTjKd4esI2R7EgQ=="
    },
    "node_modules/svelte": {
      "version": "3.57.0",
      "resolved": "https://registry.npmjs.org/svelte/-/svelte-3.57.0.tgz",
      "integrity": "sha512-WMXEvF+RtAaclw0t3bPDTUe19pplMlfyKDsixbHQYgCWi9+O9VN0kXU1OppzrB9gPAvz4NALuoca2LfW2bOjTQ==",
      "peer": true,
      "engines": {
        "node": ">= 8"
      }
    }
  },
  "dependencies": {
    "split-grid": {
      "version": "1.0.11",
      "resolved": "https://registry.npmjs.org/split-grid/-/split-grid-1.0.11.tgz",
      "integrity": "sha512-ELtFtxc3r5we5GZfe6Fi0BFFxIi2M6BY1YEntBscKRDD3zx4JVHqx2VnTRSQu1BixCYSTH3MTjKd4esI2R7EgQ=="
    },
    "svelte": {
      "version": "3.57.0",
      "resolved": "https://registry.npmjs.org/svelte/-/svelte-3.57.0.tgz",
      "integrity": "sha512-WMXEvF+RtAaclw0t3bPDTUe19pplMlfyKDsixbHQYgCWi9+O9VN0kXU1OppzrB9gPAvz4NALuoca2LfW2bOjTQ==",
      "peer": true
    }
  }
}
